{
  "name": "console-m",
  "version": "1.0.1",
  "lockfileVersion": 3,
  "requires": true,
  "packages": {
    "": {
      "name": "console-m",
      "version": "1.0.1",
      "license": "MIT",
      "dependencies": {
        "simple-node-logger": "^21.8.12"
      }
    },
    "node_modules/lodash": {
      "version": "4.17.21",
      "resolved": "https://registry.npmjs.org/lodash/-/lodash-4.17.21.tgz",
      "integrity": "sha512-v2kDEe57lecTulaDIuNTPy3Ry4gLGJ6Z1O3vE1krgXZNrsQ+LFTGHVxVjcXPs17LhbZVGedAJv8XZ1tvj5FvSg=="
    },
    "node_modules/moment": {
      "version": "2.29.4",
      "resolved": "https://registry.npmjs.org/moment/-/moment-2.29.4.tgz",
      "integrity": "sha512-5LC9SOxjSc2HF6vO2CyuTDNivEdoz2IvyJJGj6X8DJ0eFyfszE0QiEd+iXmBvUP3WHxSjFH/vIsA0EN00cgr8w==",
      "engines": {
        "node": "*"
      }
    },
    "node_modules/simple-node-logger": {
      "version": "21.8.12",
      "resolved": "https://registry.npmjs.org/simple-node-logger/-/simple-node-logger-21.8.12.tgz",
      "integrity": "sha512-RPImnYDq3jdUjaTvYLghaF1n65Dd0LV8hdZtlT0X1NZBAkw+lx0ZJtFydcUyYKjg0Yxd27AW9IAIc3OLhTjBzA==",
      "dependencies": {
        "lodash": "^4.17.12",
        "moment": "^2.20.1"
      }
    }
  }
}
